
Microsoft Visual Studio Solution File, Format Version 12.00
# Visual Studio 15
VisualStudioVersion = 15.0.26124.0
MinimumVisualStudioVersion = 15.0.26124.0
Project("{FAE04EC0-301F-11D3-BF4B-00C04F79EFBC}") = "ConsoleApp", "ConsoleApp\ConsoleApp.csproj", "{8B770319-77D6-4F49-9D75-003D7F380999}"
EndProject
Project("{FAE04EC0-301F-11D3-BF4B-00C04F79EFBC}") = "ConsoleApp.Tests", "ConsoleApp.Tests\ConsoleApp.Tests.csproj", "{FB2C0331-6045-427D-BB62-09C95F329628}"
EndProject
Project("{FAE04EC0-301F-11D3-BF4B-00C04F79EFBC}") = "ConsoleApp.IntegrationTests", "ConsoleApp.IntegrationTests\ConsoleApp.IntegrationTests.csproj", "{315ABB9C-723B-4B68-BF81-313661E1C7CA}"
EndProject
Global
	GlobalSection(SolutionProperties) = preSolution
		HideSolutionNode = FALSE
	EndGlobalSection
	GlobalSection(SolutionConfigurationPlatforms) = preSolution
		Debug|Any CPU = Debug|Any CPU
		Debug|x64 = Debug|x64
		Debug|x86 = Debug|x86
		Release|Any CPU = Release|Any CPU
		Release|x64 = Release|x64
		Release|x86 = Release|x86
	EndGlobalSection
	GlobalSection(ProjectConfigurationPlatforms) = postSolution
		{8B770319-77D6-4F49-9D75-003D7F380999}.Debug|Any CPU.ActiveCfg = Debug|Any CPU
		{8B770319-77D6-4F49-9D75-003D7F380999}.Debug|Any CPU.Build.0 = Debug|Any CPU
		{8B770319-77D6-4F49-9D75-003D7F380999}.Debug|x64.ActiveCfg = Debug|Any CPU
		{8B770319-77D6-4F49-9D75-003D7F380999}.Debug|x64.Build.0 = Debug|Any CPU
		{8B770319-77D6-4F49-9D75-003D7F380999}.Debug|x86.ActiveCfg = Debug|Any CPU
		{8B770319-77D6-4F49-9D75-003D7F380999}.Debug|x86.Build.0 = Debug|Any CPU
		{8B770319-77D6-4F49-9D75-003D7F380999}.Release|Any CPU.ActiveCfg = Release|Any CPU
		{8B770319-77D6-4F49-9D75-003D7F380999}.Release|Any CPU.Build.0 = Release|Any CPU
		{8B770319-77D6-4F49-9D75-003D7F380999}.Release|x64.ActiveCfg = Release|Any CPU
		{8B770319-77D6-4F49-9D75-003D7F380999}.Release|x64.Build.0 = Release|Any CPU
		{8B770319-77D6-4F49-9D75-003D7F380999}.Release|x86.ActiveCfg = Release|Any CPU
		{8B770319-77D6-4F49-9D75-003D7F380999}.Release|x86.Build.0 = Release|Any CPU
		{FB2C0331-6045-427D-BB62-09C95F329628}.Debug|Any CPU.ActiveCfg = Debug|Any CPU
		{FB2C0331-6045-427D-BB62-09C95F329628}.Debug|Any CPU.Build.0 = Debug|Any CPU
		{FB2C0331-6045-427D-BB62-09C95F329628}.Debug|x64.ActiveCfg = Debug|Any CPU
		{FB2C0331-6045-427D-BB62-09C95F329628}.Debug|x64.Build.0 = Debug|Any CPU
		{FB2C0331-6045-427D-BB62-09C95F329628}.Debug|x86.ActiveCfg = Debug|Any CPU
		{FB2C0331-6045-427D-BB62-09C95F329628}.Debug|x86.Build.0 = Debug|Any CPU
		{FB2C0331-6045-427D-BB62-09C95F329628}.Release|Any CPU.ActiveCfg = Release|Any CPU
		{FB2C0331-6045-427D-BB62-09C95F329628}.Release|Any CPU.Build.0 = Release|Any CPU
		{FB2C0331-6045-427D-BB62-09C95F329628}.Release|x64.ActiveCfg = Release|Any CPU
		{FB2C0331-6045-427D-BB62-09C95F329628}.Release|x64.Build.0 = Release|Any CPU
		{FB2C0331-6045-427D-BB62-09C95F329628}.Release|x86.ActiveCfg = Release|Any CPU
		{FB2C0331-6045-427D-BB62-09C95F329628}.Release|x86.Build.0 = Release|Any CPU
		{315ABB9C-723B-4B68-BF81-313661E1C7CA}.Debug|Any CPU.ActiveCfg = Debug|Any CPU
		{315ABB9C-723B-4B68-BF81-313661E1C7CA}.Debug|Any CPU.Build.0 = Debug|Any CPU
		{315ABB9C-723B-4B68-BF81-313661E1C7CA}.Debug|x64.ActiveCfg = Debug|Any CPU
		{315ABB9C-723B-4B68-BF81-313661E1C7CA}.Debug|x64.Build.0 = Debug|Any CPU
		{315ABB9C-723B-4B68-BF81-313661E1C7CA}.Debug|x86.ActiveCfg = Debug|Any CPU
		{315ABB9C-723B-4B68-BF81-313661E1C7CA}.Debug|x86.Build.0 = Debug|Any CPU
		{315ABB9C-723B-4B68-BF81-313661E1C7CA}.Release|Any CPU.ActiveCfg = Release|Any CPU
		{315ABB9C-723B-4B68-BF81-313661E1C7CA}.Release|Any CPU.Build.0 = Release|Any CPU
		{315ABB9C-723B-4B68-BF81-313661E1C7CA}.Release|x64.ActiveCfg = Release|Any CPU
		{315ABB9C-723B-4B68-BF81-313661E1C7CA}.Release|x64.Build.0 = Release|Any CPU
		{315ABB9C-723B-4B68-BF81-313661E1C7CA}.Release|x86.ActiveCfg = Release|Any CPU
		{315ABB9C-723B-4B68-BF81-313661E1C7CA}.Release|x86.Build.0 = Release|Any CPU
	EndGlobalSection
EndGlobal
